// !$*UTF8*$!
{
	archiveVersion = 1;
	classes = {
	};
	objectVersion = 56;
	objects = {

/* Begin PBXBuildFile section */
		04AD963DFA9C77D00F98C7A3 /* Pods_NoteApp.framework in Frameworks */ = {isa = PBXBuildFile; fileRef = B314FC3C7085243DE74420B5 /* Pods_NoteApp.framework */; };
		D319B7A32A2F76DF00416B02 /* ViewState.swift in Sources */ = {isa = PBXBuildFile; fileRef = D319B7A22A2F76DF00416B02 /* ViewState.swift */; };
		D319B7A52A2F775900416B02 /* HomeViewModel.swift in Sources */ = {isa = PBXBuildFile; fileRef = D319B7A42A2F775900416B02 /* HomeViewModel.swift */; };
		D319B7A82A2F8CF100416B02 /* AddNoteViewController.swift in Sources */ = {isa = PBXBuildFile; fileRef = D319B7A72A2F8CF100416B02 /* AddNoteViewController.swift */; };
		D319B7AA2A2F8D0100416B02 /* AddNoteUIView.swift in Sources */ = {isa = PBXBuildFile; fileRef = D319B7A92A2F8D0100416B02 /* AddNoteUIView.swift */; };
		D34D9FAB2A304F6900936B2C /* AddNoteViewModel.swift in Sources */ = {isa = PBXBuildFile; fileRef = D34D9FAA2A304F6900936B2C /* AddNoteViewModel.swift */; };
		D34D9FAD2A30502100936B2C /* AddNoteViewState.swift in Sources */ = {isa = PBXBuildFile; fileRef = D34D9FAC2A30502100936B2C /* AddNoteViewState.swift */; };
		D36BAC432A2EFFE90006D88D /* Localizable.strings in Resources */ = {isa = PBXBuildFile; fileRef = D36BAC422A2EFFE90006D88D /* Localizable.strings */; };
		D36BAC452A2F00460006D88D /* R.generated.swift in Sources */ = {isa = PBXBuildFile; fileRef = D36BAC442A2F00460006D88D /* R.generated.swift */; };
		D36BAC482A2F02B70006D88D /* HomeScreenUIView.swift in Sources */ = {isa = PBXBuildFile; fileRef = D36BAC472A2F02B70006D88D /* HomeScreenUIView.swift */; };
		D36BAC4A2A2F02C80006D88D /* HomeScreenViewController.swift in Sources */ = {isa = PBXBuildFile; fileRef = D36BAC492A2F02C80006D88D /* HomeScreenViewController.swift */; };
		D36BAC4D2A2F05780006D88D /* NoteTableViewCell.swift in Sources */ = {isa = PBXBuildFile; fileRef = D36BAC4C2A2F05780006D88D /* NoteTableViewCell.swift */; };
		D36BAC512A2F384E0006D88D /* Note.xcdatamodeld in Sources */ = {isa = PBXBuildFile; fileRef = D36BAC4F2A2F384E0006D88D /* Note.xcdatamodeld */; };
		D36BAC592A2F3DE80006D88D /* NoteEntity+CoreDataClass.swift in Sources */ = {isa = PBXBuildFile; fileRef = D36BAC572A2F3DE80006D88D /* NoteEntity+CoreDataClass.swift */; };
		D36BAC5A2A2F3DE80006D88D /* NoteEntity+CoreDataProperties.swift in Sources */ = {isa = PBXBuildFile; fileRef = D36BAC582A2F3DE80006D88D /* NoteEntity+CoreDataProperties.swift */; };
		D36BAC5C2A2F3E4A0006D88D /* CoreDataManager.swift in Sources */ = {isa = PBXBuildFile; fileRef = D36BAC5B2A2F3E4A0006D88D /* CoreDataManager.swift */; };
		D37299ED2A2E63E200B72BF5 /* AppDelegate.swift in Sources */ = {isa = PBXBuildFile; fileRef = D37299EC2A2E63E200B72BF5 /* AppDelegate.swift */; };
		D37299EF2A2E63E200B72BF5 /* SceneDelegate.swift in Sources */ = {isa = PBXBuildFile; fileRef = D37299EE2A2E63E200B72BF5 /* SceneDelegate.swift */; };
		D37299F62A2E63E300B72BF5 /* Assets.xcassets in Resources */ = {isa = PBXBuildFile; fileRef = D37299F52A2E63E300B72BF5 /* Assets.xcassets */; };
		D37299F92A2E63E300B72BF5 /* LaunchScreen.storyboard in Resources */ = {isa = PBXBuildFile; fileRef = D37299F72A2E63E300B72BF5 /* LaunchScreen.storyboard */; };
/* End PBXBuildFile section */

/* Begin PBXFileReference section */
		B314FC3C7085243DE74420B5 /* Pods_NoteApp.framework */ = {isa = PBXFileReference; explicitFileType = wrapper.framework; includeInIndex = 0; path = Pods_NoteApp.framework; sourceTree = BUILT_PRODUCTS_DIR; };
		D319B7A22A2F76DF00416B02 /* ViewState.swift */ = {isa = PBXFileReference; lastKnownFileType = sourcecode.swift; path = ViewState.swift; sourceTree = "<group>"; };
		D319B7A42A2F775900416B02 /* HomeViewModel.swift */ = {isa = PBXFileReference; lastKnownFileType = sourcecode.swift; path = HomeViewModel.swift; sourceTree = "<group>"; };
		D319B7A72A2F8CF100416B02 /* AddNoteViewController.swift */ = {isa = PBXFileReference; lastKnownFileType = sourcecode.swift; path = AddNoteViewController.swift; sourceTree = "<group>"; };
		D319B7A92A2F8D0100416B02 /* AddNoteUIView.swift */ = {isa = PBXFileReference; lastKnownFileType = sourcecode.swift; path = AddNoteUIView.swift; sourceTree = "<group>"; };
		D34D9FAA2A304F6900936B2C /* AddNoteViewModel.swift */ = {isa = PBXFileReference; lastKnownFileType = sourcecode.swift; path = AddNoteViewModel.swift; sourceTree = "<group>"; };
		D34D9FAC2A30502100936B2C /* AddNoteViewState.swift */ = {isa = PBXFileReference; lastKnownFileType = sourcecode.swift; path = AddNoteViewState.swift; sourceTree = "<group>"; };
		D36BAC422A2EFFE90006D88D /* Localizable.strings */ = {isa = PBXFileReference; lastKnownFileType = text.plist.strings; path = Localizable.strings; sourceTree = "<group>"; };
		D36BAC442A2F00460006D88D /* R.generated.swift */ = {isa = PBXFileReference; fileEncoding = 4; lastKnownFileType = sourcecode.swift; path = R.generated.swift; sourceTree = "<group>"; };
		D36BAC472A2F02B70006D88D /* HomeScreenUIView.swift */ = {isa = PBXFileReference; lastKnownFileType = sourcecode.swift; path = HomeScreenUIView.swift; sourceTree = "<group>"; };
		D36BAC492A2F02C80006D88D /* HomeScreenViewController.swift */ = {isa = PBXFileReference; lastKnownFileType = sourcecode.swift; path = HomeScreenViewController.swift; sourceTree = "<group>"; };
		D36BAC4C2A2F05780006D88D /* NoteTableViewCell.swift */ = {isa = PBXFileReference; lastKnownFileType = sourcecode.swift; path = NoteTableViewCell.swift; sourceTree = "<group>"; };
		D36BAC502A2F384E0006D88D /* NoteModel.xcdatamodel */ = {isa = PBXFileReference; lastKnownFileType = wrapper.xcdatamodel; path = NoteModel.xcdatamodel; sourceTree = "<group>"; };
		D36BAC572A2F3DE80006D88D /* NoteEntity+CoreDataClass.swift */ = {isa = PBXFileReference; lastKnownFileType = sourcecode.swift; path = "NoteEntity+CoreDataClass.swift"; sourceTree = SOURCE_ROOT; };
		D36BAC582A2F3DE80006D88D /* NoteEntity+CoreDataProperties.swift */ = {isa = PBXFileReference; lastKnownFileType = sourcecode.swift; path = "NoteEntity+CoreDataProperties.swift"; sourceTree = SOURCE_ROOT; };
		D36BAC5B2A2F3E4A0006D88D /* CoreDataManager.swift */ = {isa = PBXFileReference; lastKnownFileType = sourcecode.swift; path = CoreDataManager.swift; sourceTree = "<group>"; };
		D37299E92A2E63E200B72BF5 /* NoteApp.app */ = {isa = PBXFileReference; explicitFileType = wrapper.application; includeInIndex = 0; path = NoteApp.app; sourceTree = BUILT_PRODUCTS_DIR; };
		D37299EC2A2E63E200B72BF5 /* AppDelegate.swift */ = {isa = PBXFileReference; lastKnownFileType = sourcecode.swift; path = AppDelegate.swift; sourceTree = "<group>"; };
		D37299EE2A2E63E200B72BF5 /* SceneDelegate.swift */ = {isa = PBXFileReference; lastKnownFileType = sourcecode.swift; path = SceneDelegate.swift; sourceTree = "<group>"; };
		D37299F52A2E63E300B72BF5 /* Assets.xcassets */ = {isa = PBXFileReference; lastKnownFileType = folder.assetcatalog; path = Assets.xcassets; sourceTree = "<group>"; };
		D37299F82A2E63E300B72BF5 /* Base */ = {isa = PBXFileReference; lastKnownFileType = file.storyboard; name = Base; path = Base.lproj/LaunchScreen.storyboard; sourceTree = "<group>"; };
		D37299FA2A2E63E300B72BF5 /* Info.plist */ = {isa = PBXFileReference; lastKnownFileType = text.plist.xml; path = Info.plist; sourceTree = "<group>"; };
		D979030885B036CBE5FC10A9 /* Pods-NoteApp.debug.xcconfig */ = {isa = PBXFileReference; includeInIndex = 1; lastKnownFileType = text.xcconfig; name = "Pods-NoteApp.debug.xcconfig"; path = "Target Support Files/Pods-NoteApp/Pods-NoteApp.debug.xcconfig"; sourceTree = "<group>"; };
		EB49F5E4290D32DBC62C9B69 /* Pods-NoteApp.release.xcconfig */ = {isa = PBXFileReference; includeInIndex = 1; lastKnownFileType = text.xcconfig; name = "Pods-NoteApp.release.xcconfig"; path = "Target Support Files/Pods-NoteApp/Pods-NoteApp.release.xcconfig"; sourceTree = "<group>"; };
/* End PBXFileReference section */

/* Begin PBXFrameworksBuildPhase section */
		D37299E62A2E63E200B72BF5 /* Frameworks */ = {
			isa = PBXFrameworksBuildPhase;
			buildActionMask = 2147483647;
			files = (
				04AD963DFA9C77D00F98C7A3 /* Pods_NoteApp.framework in Frameworks */,
			);
			runOnlyForDeploymentPostprocessing = 0;
		};
/* End PBXFrameworksBuildPhase section */

/* Begin PBXGroup section */
		731584C9A3D6022B1755E6D9 /* Frameworks */ = {
			isa = PBXGroup;
			children = (
				B314FC3C7085243DE74420B5 /* Pods_NoteApp.framework */,
			);
			name = Frameworks;
			sourceTree = "<group>";
		};
		952F78F3F2DB50EB10692AC6 /* Pods */ = {
			isa = PBXGroup;
			children = (
				D979030885B036CBE5FC10A9 /* Pods-NoteApp.debug.xcconfig */,
				EB49F5E4290D32DBC62C9B69 /* Pods-NoteApp.release.xcconfig */,
			);
			path = Pods;
			sourceTree = "<group>";
		};
		D319B7A12A2F75D600416B02 /* ViewModel */ = {
			isa = PBXGroup;
			children = (
				D319B7A22A2F76DF00416B02 /* ViewState.swift */,
				D319B7A42A2F775900416B02 /* HomeViewModel.swift */,
			);
			path = ViewModel;
			sourceTree = "<group>";
		};
		D319B7A62A2F8CCC00416B02 /* AddNote */ = {
			isa = PBXGroup;
			children = (
				D34D9FA92A304F5700936B2C /* ViewModel */,
				D319B7A72A2F8CF100416B02 /* AddNoteViewController.swift */,
				D319B7A92A2F8D0100416B02 /* AddNoteUIView.swift */,
			);
			path = AddNote;
			sourceTree = "<group>";
		};
		D34D9FA82A304B8600936B2C /* View */ = {
			isa = PBXGroup;
			children = (
				D36BAC4B2A2F05540006D88D /* Cell */,
				D36BAC472A2F02B70006D88D /* HomeScreenUIView.swift */,
				D36BAC492A2F02C80006D88D /* HomeScreenViewController.swift */,
			);
			path = View;
			sourceTree = "<group>";
		};
		D34D9FA92A304F5700936B2C /* ViewModel */ = {
			isa = PBXGroup;
			children = (
				D34D9FAA2A304F6900936B2C /* AddNoteViewModel.swift */,
				D34D9FAC2A30502100936B2C /* AddNoteViewState.swift */,
			);
			path = ViewModel;
			sourceTree = "<group>";
		};
		D34D9FB12A30676000936B2C /* EditNote */ = {
			isa = PBXGroup;
			children = (
			);
			path = EditNote;
			sourceTree = "<group>";
		};
		D36BAC462A2F02950006D88D /* HomeScreen */ = {
			isa = PBXGroup;
			children = (
				D36BAC522A2F38590006D88D /* Model */,
				D319B7A12A2F75D600416B02 /* ViewModel */,
				D34D9FA82A304B8600936B2C /* View */,
			);
			path = HomeScreen;
			sourceTree = "<group>";
		};
		D36BAC4B2A2F05540006D88D /* Cell */ = {
			isa = PBXGroup;
			children = (
				D36BAC4C2A2F05780006D88D /* NoteTableViewCell.swift */,
			);
			path = Cell;
			sourceTree = "<group>";
		};
		D36BAC4E2A2F37A10006D88D /* Managers */ = {
			isa = PBXGroup;
			children = (
				D36BAC5B2A2F3E4A0006D88D /* CoreDataManager.swift */,
			);
			path = Managers;
			sourceTree = "<group>";
		};
		D36BAC522A2F38590006D88D /* Model */ = {
			isa = PBXGroup;
			children = (
				D36BAC572A2F3DE80006D88D /* NoteEntity+CoreDataClass.swift */,
				D36BAC582A2F3DE80006D88D /* NoteEntity+CoreDataProperties.swift */,
				D36BAC4F2A2F384E0006D88D /* Note.xcdatamodeld */,
			);
			path = Model;
			sourceTree = "<group>";
		};
		D37299E02A2E63E200B72BF5 = {
			isa = PBXGroup;
			children = (
				D37299EB2A2E63E200B72BF5 /* NoteApp */,
				D37299EA2A2E63E200B72BF5 /* Products */,
				952F78F3F2DB50EB10692AC6 /* Pods */,
				731584C9A3D6022B1755E6D9 /* Frameworks */,
			);
			sourceTree = "<group>";
		};
		D37299EA2A2E63E200B72BF5 /* Products */ = {
			isa = PBXGroup;
			children = (
				D37299E92A2E63E200B72BF5 /* NoteApp.app */,
			);
			name = Products;
			sourceTree = "<group>";
		};
		D37299EB2A2E63E200B72BF5 /* NoteApp */ = {
			isa = PBXGroup;
			children = (
				D3729A002A2E6AAE00B72BF5 /* Common */,
				D36BAC4E2A2F37A10006D88D /* Managers */,
				D34D9FB12A30676000936B2C /* EditNote */,
				D319B7A62A2F8CCC00416B02 /* AddNote */,
				D36BAC462A2F02950006D88D /* HomeScreen */,
			);
			path = NoteApp;
			sourceTree = "<group>";
		};
		D3729A002A2E6AAE00B72BF5 /* Common */ = {
			isa = PBXGroup;
			children = (
				D3729A012A2E6ABB00B72BF5 /* Resources */,
				D37299EC2A2E63E200B72BF5 /* AppDelegate.swift */,
				D37299EE2A2E63E200B72BF5 /* SceneDelegate.swift */,
				D37299F72A2E63E300B72BF5 /* LaunchScreen.storyboard */,
				D37299FA2A2E63E300B72BF5 /* Info.plist */,
			);
			path = Common;
			sourceTree = "<group>";
		};
		D3729A012A2E6ABB00B72BF5 /* Resources */ = {
			isa = PBXGroup;
			children = (
				D36BAC442A2F00460006D88D /* R.generated.swift */,
				D37299F52A2E63E300B72BF5 /* Assets.xcassets */,
				D36BAC422A2EFFE90006D88D /* Localizable.strings */,
			);
			path = Resources;
			sourceTree = "<group>";
		};
/* End PBXGroup section */

/* Begin PBXNativeTarget section */
		D37299E82A2E63E200B72BF5 /* NoteApp */ = {
			isa = PBXNativeTarget;
			buildConfigurationList = D37299FD2A2E63E400B72BF5 /* Build configuration list for PBXNativeTarget "NoteApp" */;
			buildPhases = (
				1DB6390F6C9C56C35AE351AF /* [CP] Check Pods Manifest.lock */,
				D36BAC412A2EFF430006D88D /* Rswift script */,
				D37299E52A2E63E200B72BF5 /* Sources */,
				D37299E62A2E63E200B72BF5 /* Frameworks */,
				D37299E72A2E63E200B72BF5 /* Resources */,
				FB7C1FEA47B387AE9ED244BF /* [CP] Embed Pods Frameworks */,
			);
			buildRules = (
			);
			dependencies = (
			);
			name = NoteApp;
			productName = NoteApp;
			productReference = D37299E92A2E63E200B72BF5 /* NoteApp.app */;
			productType = "com.apple.product-type.application";
		};
/* End PBXNativeTarget section */

/* Begin PBXProject section */
		D37299E12A2E63E200B72BF5 /* Project object */ = {
			isa = PBXProject;
			attributes = {
				BuildIndependentTargetsInParallel = 1;
				LastSwiftUpdateCheck = 1430;
				LastUpgradeCheck = 1430;
				TargetAttributes = {
					D37299E82A2E63E200B72BF5 = {
						CreatedOnToolsVersion = 14.3;
					};
				};
			};
			buildConfigurationList = D37299E42A2E63E200B72BF5 /* Build configuration list for PBXProject "NoteApp" */;
			compatibilityVersion = "Xcode 14.0";
			developmentRegion = en;
			hasScannedForEncodings = 0;
			knownRegions = (
				en,
				Base,
			);
			mainGroup = D37299E02A2E63E200B72BF5;
			productRefGroup = D37299EA2A2E63E200B72BF5 /* Products */;
			projectDirPath = "";
			projectRoot = "";
			targets = (
				D37299E82A2E63E200B72BF5 /* NoteApp */,
			);
		};
/* End PBXProject section */

/* Begin PBXResourcesBuildPhase section */
		D37299E72A2E63E200B72BF5 /* Resources */ = {
			isa = PBXResourcesBuildPhase;
			buildActionMask = 2147483647;
			files = (
				D37299F92A2E63E300B72BF5 /* LaunchScreen.storyboard in Resources */,
				D36BAC432A2EFFE90006D88D /* Localizable.strings in Resources */,
				D37299F62A2E63E300B72BF5 /* Assets.xcassets in Resources */,
			);
			runOnlyForDeploymentPostprocessing = 0;
		};
/* End PBXResourcesBuildPhase section */

/* Begin PBXShellScriptBuildPhase section */
		1DB6390F6C9C56C35AE351AF /* [CP] Check Pods Manifest.lock */ = {
			isa = PBXShellScriptBuildPhase;
			buildActionMask = 2147483647;
			files = (
			);
			inputFileListPaths = (
			);
			inputPaths = (
				"${PODS_PODFILE_DIR_PATH}/Podfile.lock",
				"${PODS_ROOT}/Manifest.lock",
			);
			name = "[CP] Check Pods Manifest.lock";
			outputFileListPaths = (
			);
			outputPaths = (
				"$(DERIVED_FILE_DIR)/Pods-NoteApp-checkManifestLockResult.txt",
			);
			runOnlyForDeploymentPostprocessing = 0;
			shellPath = /bin/sh;
			shellScript = "diff \"${PODS_PODFILE_DIR_PATH}/Podfile.lock\" \"${PODS_ROOT}/Manifest.lock\" > /dev/null\nif [ $? != 0 ] ; then\n    # print error to STDERR\n    echo \"error: The sandbox is not in sync with the Podfile.lock. Run 'pod install' or update your CocoaPods installation.\" >&2\n    exit 1\nfi\n# This output is used by Xcode 'outputs' to avoid re-running this script phase.\necho \"SUCCESS\" > \"${SCRIPT_OUTPUT_FILE_0}\"\n";
			showEnvVarsInLog = 0;
		};
		D36BAC412A2EFF430006D88D /* Rswift script */ = {
			isa = PBXShellScriptBuildPhase;
			alwaysOutOfDate = 1;
			buildActionMask = 2147483647;
			files = (
			);
			inputFileListPaths = (
			);
			inputPaths = (
			);
			name = "Rswift script";
			outputFileListPaths = (
			);
			outputPaths = (
				$SRCROOT/NoteApp/Common/Resources/R.generated.swift,
			);
			runOnlyForDeploymentPostprocessing = 0;
			shellPath = /bin/sh;
			shellScript = "# Type a script or drag a script file from your workspace to insert its path.\n\"$PODS_ROOT/R.swift/rswift\" generate \"$SRCROOT/NoteApp/Common/Resources/R.generated.swift\"\n";
		};
		FB7C1FEA47B387AE9ED244BF /* [CP] Embed Pods Frameworks */ = {
			isa = PBXShellScriptBuildPhase;
			buildActionMask = 2147483647;
			files = (
			);
			inputFileListPaths = (
				"${PODS_ROOT}/Target Support Files/Pods-NoteApp/Pods-NoteApp-frameworks-${CONFIGURATION}-input-files.xcfilelist",
			);
			name = "[CP] Embed Pods Frameworks";
			outputFileListPaths = (
				"${PODS_ROOT}/Target Support Files/Pods-NoteApp/Pods-NoteApp-frameworks-${CONFIGURATION}-output-files.xcfilelist",
			);
			runOnlyForDeploymentPostprocessing = 0;
			shellPath = /bin/sh;
			shellScript = "\"${PODS_ROOT}/Target Support Files/Pods-NoteApp/Pods-NoteApp-frameworks.sh\"\n";
			showEnvVarsInLog = 0;
		};
/* End PBXShellScriptBuildPhase section */

/* Begin PBXSourcesBuildPhase section */
		D37299E52A2E63E200B72BF5 /* Sources */ = {
			isa = PBXSourcesBuildPhase;
			buildActionMask = 2147483647;
			files = (
				D34D9FAB2A304F6900936B2C /* AddNoteViewModel.swift in Sources */,
				D36BAC592A2F3DE80006D88D /* NoteEntity+CoreDataClass.swift in Sources */,
				D36BAC482A2F02B70006D88D /* HomeScreenUIView.swift in Sources */,
				D319B7AA2A2F8D0100416B02 /* AddNoteUIView.swift in Sources */,
				D36BAC4D2A2F05780006D88D /* NoteTableViewCell.swift in Sources */,
				D319B7A32A2F76DF00416B02 /* ViewState.swift in Sources */,
				D36BAC512A2F384E0006D88D /* Note.xcdatamodeld in Sources */,
				D37299ED2A2E63E200B72BF5 /* AppDelegate.swift in Sources */,
				D36BAC5A2A2F3DE80006D88D /* NoteEntity+CoreDataProperties.swift in Sources */,
				D319B7A52A2F775900416B02 /* HomeViewModel.swift in Sources */,
				D37299EF2A2E63E200B72BF5 /* SceneDelegate.swift in Sources */,
				D319B7A82A2F8CF100416B02 /* AddNoteViewController.swift in Sources */,
				D34D9FAD2A30502100936B2C /* AddNoteViewState.swift in Sources */,
				D36BAC452A2F00460006D88D /* R.generated.swift in Sources */,
				D36BAC5C2A2F3E4A0006D88D /* CoreDataManager.swift in Sources */,
				D36BAC4A2A2F02C80006D88D /* HomeScreenViewController.swift in Sources */,
			);
			runOnlyForDeploymentPostprocessing = 0;
		};
/* End PBXSourcesBuildPhase section */

/* Begin PBXVariantGroup section */
		D37299F72A2E63E300B72BF5 /* LaunchScreen.storyboard */ = {
			isa = PBXVariantGroup;
			children = (
				D37299F82A2E63E300B72BF5 /* Base */,
			);
			name = LaunchScreen.storyboard;
			sourceTree = "<group>";
		};
/* End PBXVariantGroup section */

/* Begin XCBuildConfiguration section */
		D37299FB2A2E63E300B72BF5 /* Debug */ = {
			isa = XCBuildConfiguration;
			buildSettings = {
				ALWAYS_SEARCH_USER_PATHS = NO;
				CLANG_ANALYZER_NONNULL = YES;
				CLANG_ANALYZER_NUMBER_OBJECT_CONVERSION = YES_AGGRESSIVE;
				CLANG_CXX_LANGUAGE_STANDARD = "gnu++20";
				CLANG_ENABLE_MODULES = YES;
				CLANG_ENABLE_OBJC_ARC = YES;
				CLANG_ENABLE_OBJC_WEAK = YES;
				CLANG_WARN_BLOCK_CAPTURE_AUTORELEASING = YES;
				CLANG_WARN_BOOL_CONVERSION = YES;
				CLANG_WARN_COMMA = YES;
				CLANG_WARN_CONSTANT_CONVERSION = YES;
				CLANG_WARN_DEPRECATED_OBJC_IMPLEMENTATIONS = YES;
				CLANG_WARN_DIRECT_OBJC_ISA_USAGE = YES_ERROR;
				CLANG_WARN_DOCUMENTATION_COMMENTS = YES;
				CLANG_WARN_EMPTY_BODY = YES;
				CLANG_WARN_ENUM_CONVERSION = YES;
				CLANG_WARN_INFINITE_RECURSION = YES;
				CLANG_WARN_INT_CONVERSION = YES;
				CLANG_WARN_NON_LITERAL_NULL_CONVERSION = YES;
				CLANG_WARN_OBJC_IMPLICIT_RETAIN_SELF = YES;
				CLANG_WARN_OBJC_LITERAL_CONVERSION = YES;
				CLANG_WARN_OBJC_ROOT_CLASS = YES_ERROR;
				CLANG_WARN_QUOTED_INCLUDE_IN_FRAMEWORK_HEADER = YES;
				CLANG_WARN_RANGE_LOOP_ANALYSIS = YES;
				CLANG_WARN_STRICT_PROTOTYPES = YES;
				CLANG_WARN_SUSPICIOUS_MOVE = YES;
				CLANG_WARN_UNGUARDED_AVAILABILITY = YES_AGGRESSIVE;
				CLANG_WARN_UNREACHABLE_CODE = YES;
				CLANG_WARN__DUPLICATE_METHOD_MATCH = YES;
				COPY_PHASE_STRIP = NO;
				DEBUG_INFORMATION_FORMAT = dwarf;
				ENABLE_STRICT_OBJC_MSGSEND = YES;
				ENABLE_TESTABILITY = YES;
				GCC_C_LANGUAGE_STANDARD = gnu11;
				GCC_DYNAMIC_NO_PIC = NO;
				GCC_NO_COMMON_BLOCKS = YES;
				GCC_OPTIMIZATION_LEVEL = 0;
				GCC_PREPROCESSOR_DEFINITIONS = (
					"DEBUG=1",
					"$(inherited)",
				);
				GCC_WARN_64_TO_32_BIT_CONVERSION = YES;
				GCC_WARN_ABOUT_RETURN_TYPE = YES_ERROR;
				GCC_WARN_UNDECLARED_SELECTOR = YES;
				GCC_WARN_UNINITIALIZED_AUTOS = YES_AGGRESSIVE;
				GCC_WARN_UNUSED_FUNCTION = YES;
				GCC_WARN_UNUSED_VARIABLE = YES;
				IPHONEOS_DEPLOYMENT_TARGET = 16.4;
				MTL_ENABLE_DEBUG_INFO = INCLUDE_SOURCE;
				MTL_FAST_MATH = YES;
				ONLY_ACTIVE_ARCH = YES;
				SDKROOT = iphoneos;
				SWIFT_ACTIVE_COMPILATION_CONDITIONS = DEBUG;
				SWIFT_OPTIMIZATION_LEVEL = "-Onone";
			};
			name = Debug;
		};
		D37299FC2A2E63E400B72BF5 /* Release */ = {
			isa = XCBuildConfiguration;
			buildSettings = {
				ALWAYS_SEARCH_USER_PATHS = NO;
				CLANG_ANALYZER_NONNULL = YES;
				CLANG_ANALYZER_NUMBER_OBJECT_CONVERSION = YES_AGGRESSIVE;
				CLANG_CXX_LANGUAGE_STANDARD = "gnu++20";
				CLANG_ENABLE_MODULES = YES;
				CLANG_ENABLE_OBJC_ARC = YES;
				CLANG_ENABLE_OBJC_WEAK = YES;
				CLANG_WARN_BLOCK_CAPTURE_AUTORELEASING = YES;
				CLANG_WARN_BOOL_CONVERSION = YES;
				CLANG_WARN_COMMA = YES;
				CLANG_WARN_CONSTANT_CONVERSION = YES;
				CLANG_WARN_DEPRECATED_OBJC_IMPLEMENTATIONS = YES;
				CLANG_WARN_DIRECT_OBJC_ISA_USAGE = YES_ERROR;
				CLANG_WARN_DOCUMENTATION_COMMENTS = YES;
				CLANG_WARN_EMPTY_BODY = YES;
				CLANG_WARN_ENUM_CONVERSION = YES;
				CLANG_WARN_INFINITE_RECURSION = YES;
				CLANG_WARN_INT_CONVERSION = YES;
				CLANG_WARN_NON_LITERAL_NULL_CONVERSION = YES;
				CLANG_WARN_OBJC_IMPLICIT_RETAIN_SELF = YES;
				CLANG_WARN_OBJC_LITERAL_CONVERSION = YES;
				CLANG_WARN_OBJC_ROOT_CLASS = YES_ERROR;
				CLANG_WARN_QUOTED_INCLUDE_IN_FRAMEWORK_HEADER = YES;
				CLANG_WARN_RANGE_LOOP_ANALYSIS = YES;
				CLANG_WARN_STRICT_PROTOTYPES = YES;
				CLANG_WARN_SUSPICIOUS_MOVE = YES;
				CLANG_WARN_UNGUARDED_AVAILABILITY = YES_AGGRESSIVE;
				CLANG_WARN_UNREACHABLE_CODE = YES;
				CLANG_WARN__DUPLICATE_METHOD_MATCH = YES;
				COPY_PHASE_STRIP = NO;
				DEBUG_INFORMATION_FORMAT = "dwarf-with-dsym";
				ENABLE_NS_ASSERTIONS = NO;
				ENABLE_STRICT_OBJC_MSGSEND = YES;
				GCC_C_LANGUAGE_STANDARD = gnu11;
				GCC_NO_COMMON_BLOCKS = YES;
				GCC_WARN_64_TO_32_BIT_CONVERSION = YES;
				GCC_WARN_ABOUT_RETURN_TYPE = YES_ERROR;
				GCC_WARN_UNDECLARED_SELECTOR = YES;
				GCC_WARN_UNINITIALIZED_AUTOS = YES_AGGRESSIVE;
				GCC_WARN_UNUSED_FUNCTION = YES;
				GCC_WARN_UNUSED_VARIABLE = YES;
				IPHONEOS_DEPLOYMENT_TARGET = 16.4;
				MTL_ENABLE_DEBUG_INFO = NO;
				MTL_FAST_MATH = YES;
				SDKROOT = iphoneos;
				SWIFT_COMPILATION_MODE = wholemodule;
				SWIFT_OPTIMIZATION_LEVEL = "-O";
				VALIDATE_PRODUCT = YES;
			};
			name = Release;
		};
		D37299FE2A2E63E400B72BF5 /* Debug */ = {
			isa = XCBuildConfiguration;
			baseConfigurationReference = D979030885B036CBE5FC10A9 /* Pods-NoteApp.debug.xcconfig */;
			buildSettings = {
				ASSETCATALOG_COMPILER_APPICON_NAME = AppIcon;
				ASSETCATALOG_COMPILER_GLOBAL_ACCENT_COLOR_NAME = AccentColor;
				CODE_SIGN_STYLE = Automatic;
				CURRENT_PROJECT_VERSION = 1;
				DEVELOPMENT_TEAM = 95X368593A;
				GENERATE_INFOPLIST_FILE = YES;
				INFOPLIST_FILE = NoteApp/Common/Info.plist;
				INFOPLIST_KEY_UIApplicationSupportsIndirectInputEvents = YES;
				INFOPLIST_KEY_UILaunchStoryboardName = LaunchScreen;
				INFOPLIST_KEY_UISupportedInterfaceOrientations_iPad = "UIInterfaceOrientationPortrait UIInterfaceOrientationPortraitUpsideDown UIInterfaceOrientationLandscapeLeft UIInterfaceOrientationLandscapeRight";
				INFOPLIST_KEY_UISupportedInterfaceOrientations_iPhone = "UIInterfaceOrientationPortrait UIInterfaceOrientationLandscapeLeft UIInterfaceOrientationLandscapeRight";
				LD_RUNPATH_SEARCH_PATHS = (
					"$(inherited)",
					"@executable_path/Frameworks",
				);
				MARKETING_VERSION = 1.0;
				PRODUCT_BUNDLE_IDENTIFIER = com.test.NoteApp;
				PRODUCT_NAME = "$(TARGET_NAME)";
				SWIFT_EMIT_LOC_STRINGS = YES;
				SWIFT_VERSION = 5.0;
				TARGETED_DEVICE_FAMILY = "1,2";
			};
			name = Debug;
		};
		D37299FF2A2E63E400B72BF5 /* Release */ = {
			isa = XCBuildConfiguration;
			baseConfigurationReference = EB49F5E4290D32DBC62C9B69 /* Pods-NoteApp.release.xcconfig */;
			buildSettings = {
				ASSETCATALOG_COMPILER_APPICON_NAME = AppIcon;
				ASSETCATALOG_COMPILER_GLOBAL_ACCENT_COLOR_NAME = AccentColor;
				CODE_SIGN_STYLE = Automatic;
				CURRENT_PROJECT_VERSION = 1;
				DEVELOPMENT_TEAM = 95X368593A;
				GENERATE_INFOPLIST_FILE = YES;
				INFOPLIST_FILE = NoteApp/Common/Info.plist;
				INFOPLIST_KEY_UIApplicationSupportsIndirectInputEvents = YES;
				INFOPLIST_KEY_UILaunchStoryboardName = LaunchScreen;
				INFOPLIST_KEY_UISupportedInterfaceOrientations_iPad = "UIInterfaceOrientationPortrait UIInterfaceOrientationPortraitUpsideDown UIInterfaceOrientationLandscapeLeft UIInterfaceOrientationLandscapeRight";
				INFOPLIST_KEY_UISupportedInterfaceOrientations_iPhone = "UIInterfaceOrientationPortrait UIInterfaceOrientationLandscapeLeft UIInterfaceOrientationLandscapeRight";
				LD_RUNPATH_SEARCH_PATHS = (
					"$(inherited)",
					"@executable_path/Frameworks",
				);
				MARKETING_VERSION = 1.0;
				PRODUCT_BUNDLE_IDENTIFIER = com.test.NoteApp;
				PRODUCT_NAME = "$(TARGET_NAME)";
				SWIFT_EMIT_LOC_STRINGS = YES;
				SWIFT_VERSION = 5.0;
				TARGETED_DEVICE_FAMILY = "1,2";
			};
			name = Release;
		};
/* End XCBuildConfiguration section */

/* Begin XCConfigurationList section */
		D37299E42A2E63E200B72BF5 /* Build configuration list for PBXProject "NoteApp" */ = {
			isa = XCConfigurationList;
			buildConfigurations = (
				D37299FB2A2E63E300B72BF5 /* Debug */,
				D37299FC2A2E63E400B72BF5 /* Release */,
			);
			defaultConfigurationIsVisible = 0;
			defaultConfigurationName = Release;
		};
		D37299FD2A2E63E400B72BF5 /* Build configuration list for PBXNativeTarget "NoteApp" */ = {
			isa = XCConfigurationList;
			buildConfigurations = (
				D37299FE2A2E63E400B72BF5 /* Debug */,
				D37299FF2A2E63E400B72BF5 /* Release */,
			);
			defaultConfigurationIsVisible = 0;
			defaultConfigurationName = Release;
		};
/* End XCConfigurationList section */

/* Begin XCVersionGroup section */
		D36BAC4F2A2F384E0006D88D /* Note.xcdatamodeld */ = {
			isa = XCVersionGroup;
			children = (
				D36BAC502A2F384E0006D88D /* NoteModel.xcdatamodel */,
			);
			currentVersion = D36BAC502A2F384E0006D88D /* NoteModel.xcdatamodel */;
			path = Note.xcdatamodeld;
			sourceTree = "<group>";
			versionGroupType = wrapper.xcdatamodel;
		};
/* End XCVersionGroup section */
	};
	rootObject = D37299E12A2E63E200B72BF5 /* Project object */;
}
